
Microsoft Visual Studio Solution File, Format Version 12.00
Project("{FAE04EC0-301F-11D3-BF4B-00C04F79EFBC}") = "VideoPlatform", "VideoPlatform\VideoPlatform.csproj", "{8F7CA927-3D41-4B52-8EB3-D9DFCFA53E20}"
EndProject
Project("{FAE04EC0-301F-11D3-BF4B-00C04F79EFBC}") = "VideoPlatform.TikTok", "VideoPlatform.TikTok\VideoPlatform.TikTok.csproj", "{574BA48C-8061-4AA7-988A-AD730670463F}"
EndProject
Project("{FAE04EC0-301F-11D3-BF4B-00C04F79EFBC}") = "Sample", "Sample\Sample.csproj", "{8432BC08-EEC3-4723-A7F1-F87C0C5D0174}"
EndProject
Project("{FAE04EC0-301F-11D3-BF4B-00C04F79EFBC}") = "VideoPlatform.YouTube", "VideoPlatform.YouTube\VideoPlatform.YouTube.csproj", "{DF3E4BE3-EBEC-466B-A77E-806DE9D6BBF4}"
EndProject
Global
	GlobalSection(SolutionConfigurationPlatforms) = preSolution
		Debug|Any CPU = Debug|Any CPU
		Release|Any CPU = Release|Any CPU
	EndGlobalSection
	GlobalSection(ProjectConfigurationPlatforms) = postSolution
		{8F7CA927-3D41-4B52-8EB3-D9DFCFA53E20}.Debug|Any CPU.ActiveCfg = Debug|Any CPU
		{8F7CA927-3D41-4B52-8EB3-D9DFCFA53E20}.Debug|Any CPU.Build.0 = Debug|Any CPU
		{8F7CA927-3D41-4B52-8EB3-D9DFCFA53E20}.Release|Any CPU.ActiveCfg = Release|Any CPU
		{8F7CA927-3D41-4B52-8EB3-D9DFCFA53E20}.Release|Any CPU.Build.0 = Release|Any CPU
		{574BA48C-8061-4AA7-988A-AD730670463F}.Debug|Any CPU.ActiveCfg = Debug|Any CPU
		{574BA48C-8061-4AA7-988A-AD730670463F}.Debug|Any CPU.Build.0 = Debug|Any CPU
		{574BA48C-8061-4AA7-988A-AD730670463F}.Release|Any CPU.ActiveCfg = Release|Any CPU
		{574BA48C-8061-4AA7-988A-AD730670463F}.Release|Any CPU.Build.0 = Release|Any CPU
		{8432BC08-EEC3-4723-A7F1-F87C0C5D0174}.Debug|Any CPU.ActiveCfg = Debug|Any CPU
		{8432BC08-EEC3-4723-A7F1-F87C0C5D0174}.Debug|Any CPU.Build.0 = Debug|Any CPU
		{8432BC08-EEC3-4723-A7F1-F87C0C5D0174}.Release|Any CPU.ActiveCfg = Release|Any CPU
		{8432BC08-EEC3-4723-A7F1-F87C0C5D0174}.Release|Any CPU.Build.0 = Release|Any CPU
		{DF3E4BE3-EBEC-466B-A77E-806DE9D6BBF4}.Debug|Any CPU.ActiveCfg = Debug|Any CPU
		{DF3E4BE3-EBEC-466B-A77E-806DE9D6BBF4}.Debug|Any CPU.Build.0 = Debug|Any CPU
		{DF3E4BE3-EBEC-466B-A77E-806DE9D6BBF4}.Release|Any CPU.ActiveCfg = Release|Any CPU
		{DF3E4BE3-EBEC-466B-A77E-806DE9D6BBF4}.Release|Any CPU.Build.0 = Release|Any CPU
	EndGlobalSection
EndGlobal
